
Microsoft Visual Studio Solution File, Format Version 12.00
# Visual Studio Version 16
VisualStudioVersion = 16.0.29728.190
MinimumVisualStudioVersion = 10.0.40219.1
Project("{FAE04EC0-301F-11D3-BF4B-00C04F79EFBC}") = "CreditRelease", "LiberacaoCredito\CreditRelease.csproj", "{DA4B8718-D654-44DC-9720-653CE104F31F}"
EndProject
Global
	GlobalSection(SolutionConfigurationPlatforms) = preSolution
		Debug|Any CPU = Debug|Any CPU
		Release|Any CPU = Release|Any CPU
	EndGlobalSection
	GlobalSection(ProjectConfigurationPlatforms) = postSolution
		{DA4B8718-D654-44DC-9720-653CE104F31F}.Debug|Any CPU.ActiveCfg = Debug|Any CPU
		{DA4B8718-D654-44DC-9720-653CE104F31F}.Debug|Any CPU.Build.0 = Debug|Any CPU
		{DA4B8718-D654-44DC-9720-653CE104F31F}.Release|Any CPU.ActiveCfg = Release|Any CPU
		{DA4B8718-D654-44DC-9720-653CE104F31F}.Release|Any CPU.Build.0 = Release|Any CPU
	EndGlobalSection
	GlobalSection(SolutionProperties) = preSolution
		HideSolutionNode = FALSE
	EndGlobalSection
	GlobalSection(ExtensibilityGlobals) = postSolution
		SolutionGuid = {12668D72-57B2-4B66-A90C-BE6F3028D872}
	EndGlobalSection
EndGlobal
